// !$*UTF8*$!
{
	archiveVersion = 1;
	classes = {
	};
	objectVersion = 77;
	objects = {

/* Begin PBXContainerItemProxy section */
		84E812D82DD16D5900E8BA92 /* PBXContainerItemProxy */ = {
			isa = PBXContainerItemProxy;
			containerPortal = 84E812BD2DD16D4E00E8BA92 /* Project object */;
			proxyType = 1;
			remoteGlobalIDString = 84E812C42DD16D4E00E8BA92;
			remoteInfo = BlockPouch;
		};
		84E812E22DD16D5900E8BA92 /* PBXContainerItemProxy */ = {
			isa = PBXContainerItemProxy;
			containerPortal = 84E812BD2DD16D4E00E8BA92 /* Project object */;
			proxyType = 1;
			remoteGlobalIDString = 84E812C42DD16D4E00E8BA92;
			remoteInfo = BlockPouch;
		};
/* End PBXContainerItemProxy section */

/* Begin PBXFileReference section */
		84E812C52DD16D4E00E8BA92 /* BlockPouch.app */ = {isa = PBXFileReference; explicitFileType = wrapper.application; includeInIndex = 0; path = BlockPouch.app; sourceTree = BUILT_PRODUCTS_DIR; };
		84E812D72DD16D5900E8BA92 /* BlockPouchTests.xctest */ = {isa = PBXFileReference; explicitFileType = wrapper.cfbundle; includeInIndex = 0; path = BlockPouchTests.xctest; sourceTree = BUILT_PRODUCTS_DIR; };
		84E812E12DD16D5900E8BA92 /* BlockPouchUITests.xctest */ = {isa = PBXFileReference; explicitFileType = wrapper.cfbundle; includeInIndex = 0; path = BlockPouchUITests.xctest; sourceTree = BUILT_PRODUCTS_DIR; };
/* End PBXFileReference section */

/* Begin PBXFileSystemSynchronizedRootGroup section */
		84E812C72DD16D4E00E8BA92 /* BlockPouch */ = {
			isa = PBXFileSystemSynchronizedRootGroup;
			path = BlockPouch;
			sourceTree = "<group>";
		};
		84E812DA2DD16D5900E8BA92 /* BlockPouchTests */ = {
			isa = PBXFileSystemSynchronizedRootGroup;
			path = BlockPouchTests;
			sourceTree = "<group>";
		};
		84E812E42DD16D5900E8BA92 /* BlockPouchUITests */ = {
			isa = PBXFileSystemSynchronizedRootGroup;
			path = BlockPouchUITests;
			sourceTree = "<group>";
		};
/* End PBXFileSystemSynchronizedRootGroup section */

/* Begin PBXFrameworksBuildPhase section */
		84E812C22DD16D4E00E8BA92 /* Frameworks */ = {
			isa = PBXFrameworksBuildPhase;
			buildActionMask = 2147483647;
			files = (
			);
			runOnlyForDeploymentPostprocessing = 0;
		};
		84E812D42DD16D5900E8BA92 /* Frameworks */ = {
			isa = PBXFrameworksBuildPhase;
			buildActionMask = 2147483647;
			files = (
			);
			runOnlyForDeploymentPostprocessing = 0;
		};
		84E812DE2DD16D5900E8BA92 /* Frameworks */ = {
			isa = PBXFrameworksBuildPhase;
			buildActionMask = 2147483647;
			files = (
			);
			runOnlyForDeploymentPostprocessing = 0;
		};
/* End PBXFrameworksBuildPhase section */

/* Begin PBXGroup section */
		84E812BC2DD16D4E00E8BA92 = {
			isa = PBXGroup;
			children = (
				84E812C72DD16D4E00E8BA92 /* BlockPouch */,
				84E812DA2DD16D5900E8BA92 /* BlockPouchTests */,
				84E812E42DD16D5900E8BA92 /* BlockPouchUITests */,
				84E812C62DD16D4E00E8BA92 /* Products */,
			);
			sourceTree = "<group>";
		};
		84E812C62DD16D4E00E8BA92 /* Products */ = {
			isa = PBXGroup;
			children = (
				84E812C52DD16D4E00E8BA92 /* BlockPouch.app */,
				84E812D72DD16D5900E8BA92 /* BlockPouchTests.xctest */,
				84E812E12DD16D5900E8BA92 /* BlockPouchUITests.xctest */,
			);
			name = Products;
			sourceTree = "<group>";
		};
/* End PBXGroup section */

/* Begin PBXNativeTarget section */
		84E812C42DD16D4E00E8BA92 /* BlockPouch */ = {
			isa = PBXNativeTarget;
			buildConfigurationList = 84E812EB2DD16D5900E8BA92 /* Build configuration list for PBXNativeTarget "BlockPouch" */;
			buildPhases = (
				84E812C12DD16D4E00E8BA92 /* Sources */,
				84E812C22DD16D4E00E8BA92 /* Frameworks */,
				84E812C32DD16D4E00E8BA92 /* Resources */,
			);
			buildRules = (
			);
			dependencies = (
			);
			fileSystemSynchronizedGroups = (
				84E812C72DD16D4E00E8BA92 /* BlockPouch */,
			);
			name = BlockPouch;
			packageProductDependencies = (
			);
			productName = BlockPouch;
			productReference = 84E812C52DD16D4E00E8BA92 /* BlockPouch.app */;
			productType = "com.apple.product-type.application";
		};
		84E812D62DD16D5900E8BA92 /* BlockPouchTests */ = {
			isa = PBXNativeTarget;
			buildConfigurationList = 84E812EE2DD16D5900E8BA92 /* Build configuration list for PBXNativeTarget "BlockPouchTests" */;
			buildPhases = (
				84E812D32DD16D5900E8BA92 /* Sources */,
				84E812D42DD16D5900E8BA92 /* Frameworks */,
				84E812D52DD16D5900E8BA92 /* Resources */,
			);
			buildRules = (
			);
			dependencies = (
				84E812D92DD16D5900E8BA92 /* PBXTargetDependency */,
			);
			fileSystemSynchronizedGroups = (
				84E812DA2DD16D5900E8BA92 /* BlockPouchTests */,
			);
			name = BlockPouchTests;
			packageProductDependencies = (
			);
			productName = BlockPouchTests;
			productReference = 84E812D72DD16D5900E8BA92 /* BlockPouchTests.xctest */;
			productType = "com.apple.product-type.bundle.unit-test";
		};
		84E812E02DD16D5900E8BA92 /* BlockPouchUITests */ = {
			isa = PBXNativeTarget;
			buildConfigurationList = 84E812F12DD16D5900E8BA92 /* Build configuration list for PBXNativeTarget "BlockPouchUITests" */;
			buildPhases = (
				84E812DD2DD16D5900E8BA92 /* Sources */,
				84E812DE2DD16D5900E8BA92 /* Frameworks */,
				84E812DF2DD16D5900E8BA92 /* Resources */,
			);
			buildRules = (
			);
			dependencies = (
				84E812E32DD16D5900E8BA92 /* PBXTargetDependency */,
			);
			fileSystemSynchronizedGroups = (
				84E812E42DD16D5900E8BA92 /* BlockPouchUITests */,
			);
			name = BlockPouchUITests;
			packageProductDependencies = (
			);
			productName = BlockPouchUITests;
			productReference = 84E812E12DD16D5900E8BA92 /* BlockPouchUITests.xctest */;
			productType = "com.apple.product-type.bundle.ui-testing";
		};
/* End PBXNativeTarget section */

/* Begin PBXProject section */
		84E812BD2DD16D4E00E8BA92 /* Project object */ = {
			isa = PBXProject;
			attributes = {
				BuildIndependentTargetsInParallel = 1;
				LastSwiftUpdateCheck = 1620;
				LastUpgradeCheck = 1620;
				TargetAttributes = {
					84E812C42DD16D4E00E8BA92 = {
						CreatedOnToolsVersion = 16.2;
					};
					84E812D62DD16D5900E8BA92 = {
						CreatedOnToolsVersion = 16.2;
						TestTargetID = 84E812C42DD16D4E00E8BA92;
					};
					84E812E02DD16D5900E8BA92 = {
						CreatedOnToolsVersion = 16.2;
						TestTargetID = 84E812C42DD16D4E00E8BA92;
					};
				};
			};
			buildConfigurationList = 84E812C02DD16D4E00E8BA92 /* Build configuration list for PBXProject "BlockPouch" */;
			developmentRegion = en;
			hasScannedForEncodings = 0;
			knownRegions = (
				en,
				Base,
			);
			mainGroup = 84E812BC2DD16D4E00E8BA92;
			minimizedProjectReferenceProxies = 1;
			preferredProjectObjectVersion = 77;
			productRefGroup = 84E812C62DD16D4E00E8BA92 /* Products */;
			projectDirPath = "";
			projectRoot = "";
			targets = (
				84E812C42DD16D4E00E8BA92 /* BlockPouch */,
				84E812D62DD16D5900E8BA92 /* BlockPouchTests */,
				84E812E02DD16D5900E8BA92 /* BlockPouchUITests */,
			);
		};
/* End PBXProject section */

/* Begin PBXResourcesBuildPhase section */
		84E812C32DD16D4E00E8BA92 /* Resources */ = {
			isa = PBXResourcesBuildPhase;
			buildActionMask = 2147483647;
			files = (
			);
			runOnlyForDeploymentPostprocessing = 0;
		};
		84E812D52DD16D5900E8BA92 /* Resources */ = {
			isa = PBXResourcesBuildPhase;
			buildActionMask = 2147483647;
			files = (
			);
			runOnlyForDeploymentPostprocessing = 0;
		};
		84E812DF2DD16D5900E8BA92 /* Resources */ = {
			isa = PBXResourcesBuildPhase;
			buildActionMask = 2147483647;
			files = (
			);
			runOnlyForDeploymentPostprocessing = 0;
		};
/* End PBXResourcesBuildPhase section */

/* Begin PBXSourcesBuildPhase section */
		84E812C12DD16D4E00E8BA92 /* Sources */ = {
			isa = PBXSourcesBuildPhase;
			buildActionMask = 2147483647;
			files = (
			);
			runOnlyForDeploymentPostprocessing = 0;
		};
		84E812D32DD16D5900E8BA92 /* Sources */ = {
			isa = PBXSourcesBuildPhase;
			buildActionMask = 2147483647;
			files = (
			);
			runOnlyForDeploymentPostprocessing = 0;
		};
		84E812DD2DD16D5900E8BA92 /* Sources */ = {
			isa = PBXSourcesBuildPhase;
			buildActionMask = 2147483647;
			files = (
			);
			runOnlyForDeploymentPostprocessing = 0;
		};
/* End PBXSourcesBuildPhase section */

/* Begin PBXTargetDependency section */
		84E812D92DD16D5900E8BA92 /* PBXTargetDependency */ = {
			isa = PBXTargetDependency;
			target = 84E812C42DD16D4E00E8BA92 /* BlockPouch */;
			targetProxy = 84E812D82DD16D5900E8BA92 /* PBXContainerItemProxy */;
		};
		84E812E32DD16D5900E8BA92 /* PBXTargetDependency */ = {
			isa = PBXTargetDependency;
			target = 84E812C42DD16D4E00E8BA92 /* BlockPouch */;
			targetProxy = 84E812E22DD16D5900E8BA92 /* PBXContainerItemProxy */;
		};
/* End PBXTargetDependency section */

/* Begin XCBuildConfiguration section */
		84E812E92DD16D5900E8BA92 /* Debug */ = {
			isa = XCBuildConfiguration;
			buildSettings = {
				ALWAYS_SEARCH_USER_PATHS = NO;
				ASSETCATALOG_COMPILER_GENERATE_SWIFT_ASSET_SYMBOL_EXTENSIONS = YES;
				CLANG_ANALYZER_NONNULL = YES;
				CLANG_ANALYZER_NUMBER_OBJECT_CONVERSION = YES_AGGRESSIVE;
				CLANG_CXX_LANGUAGE_STANDARD = "gnu++20";
				CLANG_ENABLE_MODULES = YES;
				CLANG_ENABLE_OBJC_ARC = YES;
				CLANG_ENABLE_OBJC_WEAK = YES;
				CLANG_WARN_BLOCK_CAPTURE_AUTORELEASING = YES;
				CLANG_WARN_BOOL_CONVERSION = YES;
				CLANG_WARN_COMMA = YES;
				CLANG_WARN_CONSTANT_CONVERSION = YES;
				CLANG_WARN_DEPRECATED_OBJC_IMPLEMENTATIONS = YES;
				CLANG_WARN_DIRECT_OBJC_ISA_USAGE = YES_ERROR;
				CLANG_WARN_DOCUMENTATION_COMMENTS = YES;
				CLANG_WARN_EMPTY_BODY = YES;
				CLANG_WARN_ENUM_CONVERSION = YES;
				CLANG_WARN_INFINITE_RECURSION = YES;
				CLANG_WARN_INT_CONVERSION = YES;
				CLANG_WARN_NON_LITERAL_NULL_CONVERSION = YES;
				CLANG_WARN_OBJC_IMPLICIT_RETAIN_SELF = YES;
				CLANG_WARN_OBJC_LITERAL_CONVERSION = YES;
				CLANG_WARN_OBJC_ROOT_CLASS = YES_ERROR;
				CLANG_WARN_QUOTED_INCLUDE_IN_FRAMEWORK_HEADER = YES;
				CLANG_WARN_RANGE_LOOP_ANALYSIS = YES;
				CLANG_WARN_STRICT_PROTOTYPES = YES;
				CLANG_WARN_SUSPICIOUS_MOVE = YES;
				CLANG_WARN_UNGUARDED_AVAILABILITY = YES_AGGRESSIVE;
				CLANG_WARN_UNREACHABLE_CODE = YES;
				CLANG_WARN__DUPLICATE_METHOD_MATCH = YES;
				COPY_PHASE_STRIP = NO;
				DEBUG_INFORMATION_FORMAT = dwarf;
				ENABLE_STRICT_OBJC_MSGSEND = YES;
				ENABLE_TESTABILITY = YES;
				ENABLE_USER_SCRIPT_SANDBOXING = YES;
				GCC_C_LANGUAGE_STANDARD = gnu17;
				GCC_DYNAMIC_NO_PIC = NO;
				GCC_NO_COMMON_BLOCKS = YES;
				GCC_OPTIMIZATION_LEVEL = 0;
				GCC_PREPROCESSOR_DEFINITIONS = (
					"DEBUG=1",
					"$(inherited)",
				);
				GCC_WARN_64_TO_32_BIT_CONVERSION = YES;
				GCC_WARN_ABOUT_RETURN_TYPE = YES_ERROR;
				GCC_WARN_UNDECLARED_SELECTOR = YES;
				GCC_WARN_UNINITIALIZED_AUTOS = YES_AGGRESSIVE;
				GCC_WARN_UNUSED_FUNCTION = YES;
				GCC_WARN_UNUSED_VARIABLE = YES;
				IPHONEOS_DEPLOYMENT_TARGET = 18.2;
				LOCALIZATION_PREFERS_STRING_CATALOGS = YES;
				MTL_ENABLE_DEBUG_INFO = INCLUDE_SOURCE;
				MTL_FAST_MATH = YES;
				ONLY_ACTIVE_ARCH = YES;
				SDKROOT = iphoneos;
				SWIFT_ACTIVE_COMPILATION_CONDITIONS = "DEBUG $(inherited)";
				SWIFT_OPTIMIZATION_LEVEL = "-Onone";
			};
			name = Debug;
		};
		84E812EA2DD16D5900E8BA92 /* Release */ = {
			isa = XCBuildConfiguration;
			buildSettings = {
				ALWAYS_SEARCH_USER_PATHS = NO;
				ASSETCATALOG_COMPILER_GENERATE_SWIFT_ASSET_SYMBOL_EXTENSIONS = YES;
				CLANG_ANALYZER_NONNULL = YES;
				CLANG_ANALYZER_NUMBER_OBJECT_CONVERSION = YES_AGGRESSIVE;
				CLANG_CXX_LANGUAGE_STANDARD = "gnu++20";
				CLANG_ENABLE_MODULES = YES;
				CLANG_ENABLE_OBJC_ARC = YES;
				CLANG_ENABLE_OBJC_WEAK = YES;
				CLANG_WARN_BLOCK_CAPTURE_AUTORELEASING = YES;
				CLANG_WARN_BOOL_CONVERSION = YES;
				CLANG_WARN_COMMA = YES;
				CLANG_WARN_CONSTANT_CONVERSION = YES;
				CLANG_WARN_DEPRECATED_OBJC_IMPLEMENTATIONS = YES;
				CLANG_WARN_DIRECT_OBJC_ISA_USAGE = YES_ERROR;
				CLANG_WARN_DOCUMENTATION_COMMENTS = YES;
				CLANG_WARN_EMPTY_BODY = YES;
				CLANG_WARN_ENUM_CONVERSION = YES;
				CLANG_WARN_INFINITE_RECURSION = YES;
				CLANG_WARN_INT_CONVERSION = YES;
				CLANG_WARN_NON_LITERAL_NULL_CONVERSION = YES;
				CLANG_WARN_OBJC_IMPLICIT_RETAIN_SELF = YES;
				CLANG_WARN_OBJC_LITERAL_CONVERSION = YES;
				CLANG_WARN_OBJC_ROOT_CLASS = YES_ERROR;
				CLANG_WARN_QUOTED_INCLUDE_IN_FRAMEWORK_HEADER = YES;
				CLANG_WARN_RANGE_LOOP_ANALYSIS = YES;
				CLANG_WARN_STRICT_PROTOTYPES = YES;
				CLANG_WARN_SUSPICIOUS_MOVE = YES;
				CLANG_WARN_UNGUARDED_AVAILABILITY = YES_AGGRESSIVE;
				CLANG_WARN_UNREACHABLE_CODE = YES;
				CLANG_WARN__DUPLICATE_METHOD_MATCH = YES;
				COPY_PHASE_STRIP = NO;
				DEBUG_INFORMATION_FORMAT = "dwarf-with-dsym";
				ENABLE_NS_ASSERTIONS = NO;
				ENABLE_STRICT_OBJC_MSGSEND = YES;
				ENABLE_USER_SCRIPT_SANDBOXING = YES;
				GCC_C_LANGUAGE_STANDARD = gnu17;
				GCC_NO_COMMON_BLOCKS = YES;
				GCC_WARN_64_TO_32_BIT_CONVERSION = YES;
				GCC_WARN_ABOUT_RETURN_TYPE = YES_ERROR;
				GCC_WARN_UNDECLARED_SELECTOR = YES;
				GCC_WARN_UNINITIALIZED_AUTOS = YES_AGGRESSIVE;
				GCC_WARN_UNUSED_FUNCTION = YES;
				GCC_WARN_UNUSED_VARIABLE = YES;
				IPHONEOS_DEPLOYMENT_TARGET = 18.2;
				LOCALIZATION_PREFERS_STRING_CATALOGS = YES;
				MTL_ENABLE_DEBUG_INFO = NO;
				MTL_FAST_MATH = YES;
				SDKROOT = iphoneos;
				SWIFT_COMPILATION_MODE = wholemodule;
				VALIDATE_PRODUCT = YES;
			};
			name = Release;
		};
		84E812EC2DD16D5900E8BA92 /* Debug */ = {
			isa = XCBuildConfiguration;
			buildSettings = {
				ASSETCATALOG_COMPILER_APPICON_NAME = AppIcon;
				ASSETCATALOG_COMPILER_GLOBAL_ACCENT_COLOR_NAME = AccentColor;
				CODE_SIGN_STYLE = Automatic;
				CURRENT_PROJECT_VERSION = 1;
				DEVELOPMENT_ASSET_PATHS = "\"BlockPouch/Preview Content\"";
				DEVELOPMENT_TEAM = 597MM3BBKD;
				ENABLE_PREVIEWS = YES;
				GENERATE_INFOPLIST_FILE = YES;
				INFOPLIST_KEY_LSApplicationCategoryType = "public.app-category.finance";
				INFOPLIST_KEY_UIApplicationSceneManifest_Generation = YES;
				INFOPLIST_KEY_UIApplicationSupportsIndirectInputEvents = YES;
				INFOPLIST_KEY_UILaunchScreen_Generation = YES;
				INFOPLIST_KEY_UISupportedInterfaceOrientations_iPad = "UIInterfaceOrientationPortrait UIInterfaceOrientationPortraitUpsideDown UIInterfaceOrientationLandscapeLeft UIInterfaceOrientationLandscapeRight";
				INFOPLIST_KEY_UISupportedInterfaceOrientations_iPhone = "UIInterfaceOrientationPortrait UIInterfaceOrientationLandscapeLeft UIInterfaceOrientationLandscapeRight";
				LD_RUNPATH_SEARCH_PATHS = (
					"$(inherited)",
					"@executable_path/Frameworks",
				);
				MARKETING_VERSION = 1.0;
				PRODUCT_BUNDLE_IDENTIFIER = hstir.BlockPouch;
				PRODUCT_NAME = "$(TARGET_NAME)";
				SWIFT_EMIT_LOC_STRINGS = YES;
				SWIFT_VERSION = 5.0;
				TARGETED_DEVICE_FAMILY = "1,2";
			};
			name = Debug;
		};
		84E812ED2DD16D5900E8BA92 /* Release */ = {
			isa = XCBuildConfiguration;
			buildSettings = {
				ASSETCATALOG_COMPILER_APPICON_NAME = AppIcon;
				ASSETCATALOG_COMPILER_GLOBAL_ACCENT_COLOR_NAME = AccentColor;
				CODE_SIGN_STYLE = Automatic;
				CURRENT_PROJECT_VERSION = 1;
				DEVELOPMENT_ASSET_PATHS = "\"BlockPouch/Preview Content\"";
				DEVELOPMENT_TEAM = 597MM3BBKD;
				ENABLE_PREVIEWS = YES;
				GENERATE_INFOPLIST_FILE = YES;
				INFOPLIST_KEY_LSApplicationCategoryType = "public.app-category.finance";
				INFOPLIST_KEY_UIApplicationSceneManifest_Generation = YES;
				INFOPLIST_KEY_UIApplicationSupportsIndirectInputEvents = YES;
				INFOPLIST_KEY_UILaunchScreen_Generation = YES;
				INFOPLIST_KEY_UISupportedInterfaceOrientations_iPad = "UIInterfaceOrientationPortrait UIInterfaceOrientationPortraitUpsideDown UIInterfaceOrientationLandscapeLeft UIInterfaceOrientationLandscapeRight";
				INFOPLIST_KEY_UISupportedInterfaceOrientations_iPhone = "UIInterfaceOrientationPortrait UIInterfaceOrientationLandscapeLeft UIInterfaceOrientationLandscapeRight";
				LD_RUNPATH_SEARCH_PATHS = (
					"$(inherited)",
					"@executable_path/Frameworks",
				);
				MARKETING_VERSION = 1.0;
				PRODUCT_BUNDLE_IDENTIFIER = hstir.BlockPouch;
				PRODUCT_NAME = "$(TARGET_NAME)";
				SWIFT_EMIT_LOC_STRINGS = YES;
				SWIFT_VERSION = 5.0;
				TARGETED_DEVICE_FAMILY = "1,2";
			};
			name = Release;
		};
		84E812EF2DD16D5900E8BA92 /* Debug */ = {
			isa = XCBuildConfiguration;
			buildSettings = {
				BUNDLE_LOADER = "$(TEST_HOST)";
				CODE_SIGN_STYLE = Automatic;
				CURRENT_PROJECT_VERSION = 1;
				GENERATE_INFOPLIST_FILE = YES;
				IPHONEOS_DEPLOYMENT_TARGET = 18.2;
				MARKETING_VERSION = 1.0;
				PRODUCT_BUNDLE_IDENTIFIER = hstir.BlockPouchTests;
				PRODUCT_NAME = "$(TARGET_NAME)";
				SWIFT_EMIT_LOC_STRINGS = NO;
				SWIFT_VERSION = 5.0;
				TARGETED_DEVICE_FAMILY = "1,2";
				TEST_HOST = "$(BUILT_PRODUCTS_DIR)/BlockPouch.app/$(BUNDLE_EXECUTABLE_FOLDER_PATH)/BlockPouch";
			};
			name = Debug;
		};
		84E812F02DD16D5900E8BA92 /* Release */ = {
			isa = XCBuildConfiguration;
			buildSettings = {
				BUNDLE_LOADER = "$(TEST_HOST)";
				CODE_SIGN_STYLE = Automatic;
				CURRENT_PROJECT_VERSION = 1;
				GENERATE_INFOPLIST_FILE = YES;
				IPHONEOS_DEPLOYMENT_TARGET = 18.2;
				MARKETING_VERSION = 1.0;
				PRODUCT_BUNDLE_IDENTIFIER = hstir.BlockPouchTests;
				PRODUCT_NAME = "$(TARGET_NAME)";
				SWIFT_EMIT_LOC_STRINGS = NO;
				SWIFT_VERSION = 5.0;
				TARGETED_DEVICE_FAMILY = "1,2";
				TEST_HOST = "$(BUILT_PRODUCTS_DIR)/BlockPouch.app/$(BUNDLE_EXECUTABLE_FOLDER_PATH)/BlockPouch";
			};
			name = Release;
		};
		84E812F22DD16D5900E8BA92 /* Debug */ = {
			isa = XCBuildConfiguration;
			buildSettings = {
				CODE_SIGN_STYLE = Automatic;
				CURRENT_PROJECT_VERSION = 1;
				GENERATE_INFOPLIST_FILE = YES;
				MARKETING_VERSION = 1.0;
				PRODUCT_BUNDLE_IDENTIFIER = hstir.BlockPouchUITests;
				PRODUCT_NAME = "$(TARGET_NAME)";
				SWIFT_EMIT_LOC_STRINGS = NO;
				SWIFT_VERSION = 5.0;
				TARGETED_DEVICE_FAMILY = "1,2";
				TEST_TARGET_NAME = BlockPouch;
			};
			name = Debug;
		};
		84E812F32DD16D5900E8BA92 /* Release */ = {
			isa = XCBuildConfiguration;
			buildSettings = {
				CODE_SIGN_STYLE = Automatic;
				CURRENT_PROJECT_VERSION = 1;
				GENERATE_INFOPLIST_FILE = YES;
				MARKETING_VERSION = 1.0;
				PRODUCT_BUNDLE_IDENTIFIER = hstir.BlockPouchUITests;
				PRODUCT_NAME = "$(TARGET_NAME)";
				SWIFT_EMIT_LOC_STRINGS = NO;
				SWIFT_VERSION = 5.0;
				TARGETED_DEVICE_FAMILY = "1,2";
				TEST_TARGET_NAME = BlockPouch;
			};
			name = Release;
		};
/* End XCBuildConfiguration section */

/* Begin XCConfigurationList section */
		84E812C02DD16D4E00E8BA92 /* Build configuration list for PBXProject "BlockPouch" */ = {
			isa = XCConfigurationList;
			buildConfigurations = (
				84E812E92DD16D5900E8BA92 /* Debug */,
				84E812EA2DD16D5900E8BA92 /* Release */,
			);
			defaultConfigurationIsVisible = 0;
			defaultConfigurationName = Release;
		};
		84E812EB2DD16D5900E8BA92 /* Build configuration list for PBXNativeTarget "BlockPouch" */ = {
			isa = XCConfigurationList;
			buildConfigurations = (
				84E812EC2DD16D5900E8BA92 /* Debug */,
				84E812ED2DD16D5900E8BA92 /* Release */,
			);
			defaultConfigurationIsVisible = 0;
			defaultConfigurationName = Release;
		};
		84E812EE2DD16D5900E8BA92 /* Build configuration list for PBXNativeTarget "BlockPouchTests" */ = {
			isa = XCConfigurationList;
			buildConfigurations = (
				84E812EF2DD16D5900E8BA92 /* Debug */,
				84E812F02DD16D5900E8BA92 /* Release */,
			);
			defaultConfigurationIsVisible = 0;
			defaultConfigurationName = Release;
		};
		84E812F12DD16D5900E8BA92 /* Build configuration list for PBXNativeTarget "BlockPouchUITests" */ = {
			isa = XCConfigurationList;
			buildConfigurations = (
				84E812F22DD16D5900E8BA92 /* Debug */,
				84E812F32DD16D5900E8BA92 /* Release */,
			);
			defaultConfigurationIsVisible = 0;
			defaultConfigurationName = Release;
		};
/* End XCConfigurationList section */
	};
	rootObject = 84E812BD2DD16D4E00E8BA92 /* Project object */;
}
